
Microsoft Visual Studio Solution File, Format Version 12.00
# Visual Studio 2013
VisualStudioVersion = 12.0.40629.0
MinimumVisualStudioVersion = 10.0.40219.1
Project("{FAE04EC0-301F-11D3-BF4B-00C04F79EFBC}") = "ExerciseInstance", "ExerciseInstance\ExerciseInstance.csproj", "{5DB0FEE1-1D24-4BAD-928C-2D23A637D0C8}"
EndProject
Project("{FAE04EC0-301F-11D3-BF4B-00C04F79EFBC}") = "GenerateAESCode", "GenerateAESCode\GenerateAESCode.csproj", "{DA79C67B-1AB9-4988-A656-722D0A53C6E4}"
EndProject
Project("{FAE04EC0-301F-11D3-BF4B-00C04F79EFBC}") = "Infruesture", "Infruesture\Infruesture.csproj", "{812F069B-F680-4BA7-ABBB-5D7E0221FE6A}"
EndProject
Project("{2150E333-8FDC-42A3-9474-1A3956D46DE8}") = ".nuget", ".nuget", "{69F81F75-A756-41B0-8B60-A72570668831}"
	ProjectSection(SolutionItems) = preProject
		.nuget\NuGet.Config = .nuget\NuGet.Config
		.nuget\NuGet.exe = .nuget\NuGet.exe
		.nuget\NuGet.targets = .nuget\NuGet.targets
	EndProjectSection
EndProject
Project("{FAE04EC0-301F-11D3-BF4B-00C04F79EFBC}") = "TestLodopPrint", "TestLodopPrint\TestLodopPrint.csproj", "{A5B63014-4D17-4A90-AA53-86F9C6D31A48}"
EndProject
Project("{FAE04EC0-301F-11D3-BF4B-00C04F79EFBC}") = "TestLodopPrint.Tests", "TestLodopPrint.Tests\TestLodopPrint.Tests.csproj", "{B8404151-3100-451C-8A8F-EA202E2ADAAD}"
EndProject
Global
	GlobalSection(SolutionConfigurationPlatforms) = preSolution
		Debug|Any CPU = Debug|Any CPU
		Release|Any CPU = Release|Any CPU
	EndGlobalSection
	GlobalSection(ProjectConfigurationPlatforms) = postSolution
		{5DB0FEE1-1D24-4BAD-928C-2D23A637D0C8}.Debug|Any CPU.ActiveCfg = Debug|Any CPU
		{5DB0FEE1-1D24-4BAD-928C-2D23A637D0C8}.Debug|Any CPU.Build.0 = Debug|Any CPU
		{5DB0FEE1-1D24-4BAD-928C-2D23A637D0C8}.Release|Any CPU.ActiveCfg = Release|Any CPU
		{5DB0FEE1-1D24-4BAD-928C-2D23A637D0C8}.Release|Any CPU.Build.0 = Release|Any CPU
		{DA79C67B-1AB9-4988-A656-722D0A53C6E4}.Debug|Any CPU.ActiveCfg = Debug|Any CPU
		{DA79C67B-1AB9-4988-A656-722D0A53C6E4}.Debug|Any CPU.Build.0 = Debug|Any CPU
		{DA79C67B-1AB9-4988-A656-722D0A53C6E4}.Release|Any CPU.ActiveCfg = Release|Any CPU
		{DA79C67B-1AB9-4988-A656-722D0A53C6E4}.Release|Any CPU.Build.0 = Release|Any CPU
		{812F069B-F680-4BA7-ABBB-5D7E0221FE6A}.Debug|Any CPU.ActiveCfg = Debug|Any CPU
		{812F069B-F680-4BA7-ABBB-5D7E0221FE6A}.Debug|Any CPU.Build.0 = Debug|Any CPU
		{812F069B-F680-4BA7-ABBB-5D7E0221FE6A}.Release|Any CPU.ActiveCfg = Release|Any CPU
		{812F069B-F680-4BA7-ABBB-5D7E0221FE6A}.Release|Any CPU.Build.0 = Release|Any CPU
		{A5B63014-4D17-4A90-AA53-86F9C6D31A48}.Debug|Any CPU.ActiveCfg = Debug|Any CPU
		{A5B63014-4D17-4A90-AA53-86F9C6D31A48}.Debug|Any CPU.Build.0 = Debug|Any CPU
		{A5B63014-4D17-4A90-AA53-86F9C6D31A48}.Release|Any CPU.ActiveCfg = Release|Any CPU
		{A5B63014-4D17-4A90-AA53-86F9C6D31A48}.Release|Any CPU.Build.0 = Release|Any CPU
		{B8404151-3100-451C-8A8F-EA202E2ADAAD}.Debug|Any CPU.ActiveCfg = Debug|Any CPU
		{B8404151-3100-451C-8A8F-EA202E2ADAAD}.Debug|Any CPU.Build.0 = Debug|Any CPU
		{B8404151-3100-451C-8A8F-EA202E2ADAAD}.Release|Any CPU.ActiveCfg = Release|Any CPU
		{B8404151-3100-451C-8A8F-EA202E2ADAAD}.Release|Any CPU.Build.0 = Release|Any CPU
	EndGlobalSection
	GlobalSection(SolutionProperties) = preSolution
		HideSolutionNode = FALSE
	EndGlobalSection
EndGlobal
